
Microsoft Visual Studio Solution File, Format Version 12.00
# Visual Studio Version 17
VisualStudioVersion = 17.5.002.0
MinimumVisualStudioVersion = 10.0.40219.1
Project("{9A19103F-16F7-4668-BE54-9A1E7A4F7556}") = "widgetConsumer", "widgetConsumer\widgetConsumer.csproj", "{46C0F9BE-3546-4D53-8BF4-F3B0A52CF9A5}"
EndProject
Project("{9A19103F-16F7-4668-BE54-9A1E7A4F7556}") = "gadgetConsumer", "gadgetConsumer\gadgetConsumer.csproj", "{AB347BD8-CAC4-4277-9743-DBD282F7AE45}"
EndProject
Project("{9A19103F-16F7-4668-BE54-9A1E7A4F7556}") = "orderProducer", "orderProducer\orderProducer.csproj", "{382FE6E4-C9FE-4713-94C2-B37B5625B222}"
EndProject
Global
	GlobalSection(SolutionConfigurationPlatforms) = preSolution
		Debug|Any CPU = Debug|Any CPU
		Release|Any CPU = Release|Any CPU
	EndGlobalSection
	GlobalSection(ProjectConfigurationPlatforms) = postSolution
		{46C0F9BE-3546-4D53-8BF4-F3B0A52CF9A5}.Debug|Any CPU.ActiveCfg = Debug|Any CPU
		{46C0F9BE-3546-4D53-8BF4-F3B0A52CF9A5}.Debug|Any CPU.Build.0 = Debug|Any CPU
		{46C0F9BE-3546-4D53-8BF4-F3B0A52CF9A5}.Release|Any CPU.ActiveCfg = Release|Any CPU
		{46C0F9BE-3546-4D53-8BF4-F3B0A52CF9A5}.Release|Any CPU.Build.0 = Release|Any CPU
		{AB347BD8-CAC4-4277-9743-DBD282F7AE45}.Debug|Any CPU.ActiveCfg = Debug|Any CPU
		{AB347BD8-CAC4-4277-9743-DBD282F7AE45}.Debug|Any CPU.Build.0 = Debug|Any CPU
		{AB347BD8-CAC4-4277-9743-DBD282F7AE45}.Release|Any CPU.ActiveCfg = Release|Any CPU
		{AB347BD8-CAC4-4277-9743-DBD282F7AE45}.Release|Any CPU.Build.0 = Release|Any CPU
		{382FE6E4-C9FE-4713-94C2-B37B5625B222}.Debug|Any CPU.ActiveCfg = Debug|Any CPU
		{382FE6E4-C9FE-4713-94C2-B37B5625B222}.Debug|Any CPU.Build.0 = Debug|Any CPU
		{382FE6E4-C9FE-4713-94C2-B37B5625B222}.Release|Any CPU.ActiveCfg = Release|Any CPU
		{382FE6E4-C9FE-4713-94C2-B37B5625B222}.Release|Any CPU.Build.0 = Release|Any CPU
	EndGlobalSection
	GlobalSection(SolutionProperties) = preSolution
		HideSolutionNode = FALSE
	EndGlobalSection
	GlobalSection(ExtensibilityGlobals) = postSolution
		SolutionGuid = {DC419303-7BC8-4E68-932B-6A6CD4AACD3C}
	EndGlobalSection
EndGlobal
